
Microsoft Visual Studio Solution File, Format Version 12.00
# Visual Studio Version 16
VisualStudioVersion = 16.0.29521.150
MinimumVisualStudioVersion = 10.0.40219.1
Project("{FAE04EC0-301F-11D3-BF4B-00C04F79EFBC}") = "RestaurantExercise", "RestaurantExercise\RestaurantExercise.csproj", "{6226E316-E8E4-4F26-A525-82969AD4358D}"
EndProject
Global
	GlobalSection(SolutionConfigurationPlatforms) = preSolution
		Debug|Any CPU = Debug|Any CPU
		Release|Any CPU = Release|Any CPU
	EndGlobalSection
	GlobalSection(ProjectConfigurationPlatforms) = postSolution
		{6226E316-E8E4-4F26-A525-82969AD4358D}.Debug|Any CPU.ActiveCfg = Debug|Any CPU
		{6226E316-E8E4-4F26-A525-82969AD4358D}.Debug|Any CPU.Build.0 = Debug|Any CPU
		{6226E316-E8E4-4F26-A525-82969AD4358D}.Release|Any CPU.ActiveCfg = Release|Any CPU
		{6226E316-E8E4-4F26-A525-82969AD4358D}.Release|Any CPU.Build.0 = Release|Any CPU
	EndGlobalSection
	GlobalSection(SolutionProperties) = preSolution
		HideSolutionNode = FALSE
	EndGlobalSection
	GlobalSection(ExtensibilityGlobals) = postSolution
		SolutionGuid = {DB338C8C-FD5C-42B4-8356-2710A24224D1}
	EndGlobalSection
EndGlobal
